
Microsoft Visual Studio Solution File, Format Version 12.00
# Visual Studio Version 17
VisualStudioVersion = 17.5.002.0
MinimumVisualStudioVersion = 10.0.40219.1
Project("{9A19103F-16F7-4668-BE54-9A1E7A4F7556}") = "C#Exemplos", "C#Exemplos.csproj", "{AC1E706B-BE98-44FB-BB52-7B9FD8E6331E}"
EndProject
Global
	GlobalSection(SolutionConfigurationPlatforms) = preSolution
		Debug|Any CPU = Debug|Any CPU
		Release|Any CPU = Release|Any CPU
	EndGlobalSection
	GlobalSection(ProjectConfigurationPlatforms) = postSolution
		{AC1E706B-BE98-44FB-BB52-7B9FD8E6331E}.Debug|Any CPU.ActiveCfg = Debug|Any CPU
		{AC1E706B-BE98-44FB-BB52-7B9FD8E6331E}.Debug|Any CPU.Build.0 = Debug|Any CPU
		{AC1E706B-BE98-44FB-BB52-7B9FD8E6331E}.Release|Any CPU.ActiveCfg = Release|Any CPU
		{AC1E706B-BE98-44FB-BB52-7B9FD8E6331E}.Release|Any CPU.Build.0 = Release|Any CPU
	EndGlobalSection
	GlobalSection(SolutionProperties) = preSolution
		HideSolutionNode = FALSE
	EndGlobalSection
	GlobalSection(ExtensibilityGlobals) = postSolution
		SolutionGuid = {2D05098D-33F4-4DAC-89FD-0B713A1FD6E8}
	EndGlobalSection
EndGlobal
