
Microsoft Visual Studio Solution File, Format Version 12.00
# Visual Studio Version 17
VisualStudioVersion = 17.0.31903.59
MinimumVisualStudioVersion = 10.0.40219.1
Project("{FAE04EC0-301F-11D3-BF4B-00C04F79EFBC}") = "NewTalents", "NewTalents\NewTalents.csproj", "{3381233C-6F10-4A21-A1BA-7C393B945E2D}"
EndProject
Project("{FAE04EC0-301F-11D3-BF4B-00C04F79EFBC}") = "TestsNewTalents", "TestsNewTalents\TestsNewTalents.csproj", "{1B3476D3-234A-4DBB-B016-43E0B9BE780B}"
EndProject
Global
	GlobalSection(SolutionConfigurationPlatforms) = preSolution
		Debug|Any CPU = Debug|Any CPU
		Release|Any CPU = Release|Any CPU
	EndGlobalSection
	GlobalSection(SolutionProperties) = preSolution
		HideSolutionNode = FALSE
	EndGlobalSection
	GlobalSection(ProjectConfigurationPlatforms) = postSolution
		{3381233C-6F10-4A21-A1BA-7C393B945E2D}.Debug|Any CPU.ActiveCfg = Debug|Any CPU
		{3381233C-6F10-4A21-A1BA-7C393B945E2D}.Debug|Any CPU.Build.0 = Debug|Any CPU
		{3381233C-6F10-4A21-A1BA-7C393B945E2D}.Release|Any CPU.ActiveCfg = Release|Any CPU
		{3381233C-6F10-4A21-A1BA-7C393B945E2D}.Release|Any CPU.Build.0 = Release|Any CPU
		{1B3476D3-234A-4DBB-B016-43E0B9BE780B}.Debug|Any CPU.ActiveCfg = Debug|Any CPU
		{1B3476D3-234A-4DBB-B016-43E0B9BE780B}.Debug|Any CPU.Build.0 = Debug|Any CPU
		{1B3476D3-234A-4DBB-B016-43E0B9BE780B}.Release|Any CPU.ActiveCfg = Release|Any CPU
		{1B3476D3-234A-4DBB-B016-43E0B9BE780B}.Release|Any CPU.Build.0 = Release|Any CPU
	EndGlobalSection
EndGlobal
