
Microsoft Visual Studio Solution File, Format Version 12.00
# Visual Studio Version 17
VisualStudioVersion = 17.5.002.0
MinimumVisualStudioVersion = 10.0.40219.1
Project("{9A19103F-16F7-4668-BE54-9A1E7A4F7556}") = "ModuloAPI", "ModuloAPI.csproj", "{27C0851C-3F03-4E7D-AFA0-4C8471AD944A}"
EndProject
Global
	GlobalSection(SolutionConfigurationPlatforms) = preSolution
		Debug|Any CPU = Debug|Any CPU
		Release|Any CPU = Release|Any CPU
	EndGlobalSection
	GlobalSection(ProjectConfigurationPlatforms) = postSolution
		{27C0851C-3F03-4E7D-AFA0-4C8471AD944A}.Debug|Any CPU.ActiveCfg = Debug|Any CPU
		{27C0851C-3F03-4E7D-AFA0-4C8471AD944A}.Debug|Any CPU.Build.0 = Debug|Any CPU
		{27C0851C-3F03-4E7D-AFA0-4C8471AD944A}.Release|Any CPU.ActiveCfg = Release|Any CPU
		{27C0851C-3F03-4E7D-AFA0-4C8471AD944A}.Release|Any CPU.Build.0 = Release|Any CPU
	EndGlobalSection
	GlobalSection(SolutionProperties) = preSolution
		HideSolutionNode = FALSE
	EndGlobalSection
	GlobalSection(ExtensibilityGlobals) = postSolution
		SolutionGuid = {ED8ABD06-E048-41C7-9CB4-DD66F7FE0431}
	EndGlobalSection
EndGlobal
